version = 1
revision = 2
requires-python = ">=3.11"

[[package]]
name = "dearpygui"
version = "2.1.0"
source = { registry = "https://pypi.org/simple" }
wheels = [
    { url = "https://files.pythonhosted.org/packages/92/fe/66293fc40254a29f060efd3398f2b1001ed79263ae1837db9ec42caa8f1d/dearpygui-2.1.0-cp311-cp311-macosx_10_6_x86_64.whl", hash = "sha256:03e5dc0b3dd2f7965e50bbe41f3316a814408064b582586de994d93afedb125c", size = 2100924, upload-time = "2025-07-07T14:20:00.602Z" },
    { url = "https://files.pythonhosted.org/packages/c4/4d/9fa1c3156ba7bbf4dc89e2e322998752fccfdc3575923a98dd6a4da48911/dearpygui-2.1.0-cp311-cp311-macosx_13_0_arm64.whl", hash = "sha256:b5b37710c3fa135c48e2347f39ecd1f415146e86db5d404707a0bf72d16bd304", size = 1874441, upload-time = "2025-07-07T14:20:09.165Z" },
    { url = "https://files.pythonhosted.org/packages/5a/3c/af5673b50699e1734296a0b5bcef39bb6989175b001ad1f9b0e7888ad90d/dearpygui-2.1.0-cp311-cp311-manylinux1_x86_64.whl", hash = "sha256:b0cfd7ac7eaa090fc22d6aa60fc4b527fc631cee10c348e4d8df92bb39af03d2", size = 2636574, upload-time = "2025-07-07T14:20:14.951Z" },
    { url = "https://files.pythonhosted.org/packages/7f/db/ed4db0bb3d88e7a8c405472641419086bef9632c4b8b0489dc0c43519c0d/dearpygui-2.1.0-cp311-cp311-win_amd64.whl", hash = "sha256:a9af54f96d3ef30c5db9d12cdf3266f005507396fb0da2e12e6b22b662161070", size = 1810266, upload-time = "2025-07-07T14:19:51.565Z" },
    { url = "https://files.pythonhosted.org/packages/55/9d/20a55786cc9d9266395544463d5db3be3528f7d5244bc52ba760de5dcc2d/dearpygui-2.1.0-cp312-cp312-macosx_10_6_x86_64.whl", hash = "sha256:1270ceb9cdb8ecc047c42477ccaa075b7864b314a5d09191f9280a24c8aa90a0", size = 2101499, upload-time = "2025-07-07T14:20:01.701Z" },
    { url = "https://files.pythonhosted.org/packages/a7/b2/39d820796b7ac4d0ebf93306c1f031bf3516b159408286f1fb495c6babeb/dearpygui-2.1.0-cp312-cp312-macosx_13_0_arm64.whl", hash = "sha256:ce9969eb62057b9d4c88a8baaed13b5fbe4058caa9faf5b19fec89da75aece3d", size = 1874385, upload-time = "2025-07-07T14:20:11.226Z" },
    { url = "https://files.pythonhosted.org/packages/fc/26/c29998ffeb5eb8d638f307851e51a81c8bd4aeaf89ad660fc67ea4d1ac1a/dearpygui-2.1.0-cp312-cp312-manylinux1_x86_64.whl", hash = "sha256:a3ca8cf788db63ef7e2e8d6f277631b607d548b37606f080ca1b42b1f0a9b183", size = 2635863, upload-time = "2025-07-07T14:20:17.186Z" },
    { url = "https://files.pythonhosted.org/packages/28/9c/3ab33927f1d8c839c5b7033a33d44fc9f0aeb00c264fc9772cb7555a03c4/dearpygui-2.1.0-cp312-cp312-win_amd64.whl", hash = "sha256:43f0e4db9402f44fc3683a1f5c703564819de18cc15a042de7f1ed1c8cb5d148", size = 1810460, upload-time = "2025-07-07T14:19:53.13Z" },
    { url = "https://files.pythonhosted.org/packages/8b/84/4efef98dc19140155c3bbc173473f8ca01ec0b10c5175598acd93b82d8a9/dearpygui-2.1.0-cp313-cp313-macosx_10_6_x86_64.whl", hash = "sha256:5c32402f75f87ca23faedc626975f546098bcbc71e1dc8b22ddc6054f4c800f1", size = 2101488, upload-time = "2025-07-07T14:20:03.143Z" },
    { url = "https://files.pythonhosted.org/packages/74/c6/ad8054a70069f5777639c1376892b946fa009ad0ed7b1009f75428458367/dearpygui-2.1.0-cp313-cp313-macosx_13_0_arm64.whl", hash = "sha256:f776c4c81195b2e7248305db21c7d429881d306a9557a8a4e4f002eb477cd247", size = 1874341, upload-time = "2025-07-07T14:20:12.157Z" },
    { url = "https://files.pythonhosted.org/packages/2c/d3/8dcfc6df643834706b5ee72f169121db519aab4aa270ba9de41908013ee3/dearpygui-2.1.0-cp313-cp313-manylinux1_x86_64.whl", hash = "sha256:3900ce7f68e8967dc937adbd9088a7c294fd676fa878d9905e4f25b0d76232ae", size = 2636147, upload-time = "2025-07-07T14:20:18.206Z" },
    { url = "https://files.pythonhosted.org/packages/7a/c7/7d9f839516cb30a5f55c6a1055fa518d986dae841ae2ecccdea9cea266b1/dearpygui-2.1.0-cp313-cp313-win_amd64.whl", hash = "sha256:205def95d6862e80ee908d080f5a8065f30421d87ddfa88a3607a5c8e253a9bb", size = 1810439, upload-time = "2025-07-07T14:19:54.284Z" },
]

[[package]]
name = "expo-udp-mock"
version = "0.1.0"
source = { virtual = "." }
dependencies = [
    { name = "dearpygui" },
]

[package.metadata]
requires-dist = [{ name = "dearpygui", specifier = ">=2.1.0" }]
